
Microsoft Visual Studio Solution File, Format Version 12.00
# Visual Studio Version 16
VisualStudioVersion = 16.0.29409.12
MinimumVisualStudioVersion = 10.0.40219.1
Project("{FAE04EC0-301F-11D3-BF4B-00C04F79EFBC}") = "University", "University.csproj", "{3AE2AF53-BD04-4F1F-A09C-2EDEE0456010}"
EndProject
Global
	GlobalSection(SolutionConfigurationPlatforms) = preSolution
		Debug|Any CPU = Debug|Any CPU
		Release|Any CPU = Release|Any CPU
	EndGlobalSection
	GlobalSection(ProjectConfigurationPlatforms) = postSolution
		{3AE2AF53-BD04-4F1F-A09C-2EDEE0456010}.Debug|Any CPU.ActiveCfg = Debug|Any CPU
		{3AE2AF53-BD04-4F1F-A09C-2EDEE0456010}.Debug|Any CPU.Build.0 = Debug|Any CPU
		{3AE2AF53-BD04-4F1F-A09C-2EDEE0456010}.Release|Any CPU.ActiveCfg = Release|Any CPU
		{3AE2AF53-BD04-4F1F-A09C-2EDEE0456010}.Release|Any CPU.Build.0 = Release|Any CPU
	EndGlobalSection
	GlobalSection(SolutionProperties) = preSolution
		HideSolutionNode = FALSE
	EndGlobalSection
	GlobalSection(ExtensibilityGlobals) = postSolution
		SolutionGuid = {423692B6-31B1-450A-9975-D0882F6033B2}
	EndGlobalSection
EndGlobal
